
Microsoft Visual Studio Solution File, Format Version 12.00
# Visual Studio Version 17
VisualStudioVersion = 17.5.33530.505
MinimumVisualStudioVersion = 10.0.40219.1
Project("{FAE04EC0-301F-11D3-BF4B-00C04F79EFBC}") = "IAM_MouldMachine", "IAM_MouldMachine\IAM_MouldMachine.csproj", "{6FF40629-0E78-486D-A5A6-885ECF6E8C92}"
EndProject
Global
	GlobalSection(SolutionConfigurationPlatforms) = preSolution
		Debug|Any CPU = Debug|Any CPU
		Release|Any CPU = Release|Any CPU
	EndGlobalSection
	GlobalSection(ProjectConfigurationPlatforms) = postSolution
		{6FF40629-0E78-486D-A5A6-885ECF6E8C92}.Debug|Any CPU.ActiveCfg = Debug|Any CPU
		{6FF40629-0E78-486D-A5A6-885ECF6E8C92}.Debug|Any CPU.Build.0 = Debug|Any CPU
		{6FF40629-0E78-486D-A5A6-885ECF6E8C92}.Release|Any CPU.ActiveCfg = Release|Any CPU
		{6FF40629-0E78-486D-A5A6-885ECF6E8C92}.Release|Any CPU.Build.0 = Release|Any CPU
	EndGlobalSection
	GlobalSection(SolutionProperties) = preSolution
		HideSolutionNode = FALSE
	EndGlobalSection
	GlobalSection(ExtensibilityGlobals) = postSolution
		SolutionGuid = {7339978A-1187-4000-B760-E23223108147}
	EndGlobalSection
EndGlobal
